
Microsoft Visual Studio Solution File, Format Version 12.00
# Visual Studio 15
Project("{FAE04EC0-301F-11D3-BF4B-00C04F79EFBC}") = "StudentGradebook", "StudentGradebook.csproj", "{B60C1CD1-D82F-451A-8040-F93EF0CD1F72}"
EndProject
Project("{FAE04EC0-301F-11D3-BF4B-00C04F79EFBC}") = "StudentGradebook.Tests", "StudentGradebook.Tests\StudentGradebook.Tests.csproj", "{FD115789-89A9-4B4E-9B42-F3C28E04B47E}"
EndProject
Global
	GlobalSection(SolutionConfigurationPlatforms) = preSolution
		Debug|Any CPU = Debug|Any CPU
		Release|Any CPU = Release|Any CPU
	EndGlobalSection
	GlobalSection(ProjectConfigurationPlatforms) = postSolution
		{B60C1CD1-D82F-451A-8040-F93EF0CD1F72}.Debug|Any CPU.ActiveCfg = Debug|Any CPU
		{B60C1CD1-D82F-451A-8040-F93EF0CD1F72}.Debug|Any CPU.Build.0 = Debug|Any CPU
		{B60C1CD1-D82F-451A-8040-F93EF0CD1F72}.Release|Any CPU.ActiveCfg = Release|Any CPU
		{B60C1CD1-D82F-451A-8040-F93EF0CD1F72}.Release|Any CPU.Build.0 = Release|Any CPU
		{FD115789-89A9-4B4E-9B42-F3C28E04B47E}.Debug|Any CPU.ActiveCfg = Debug|Any CPU
		{FD115789-89A9-4B4E-9B42-F3C28E04B47E}.Debug|Any CPU.Build.0 = Debug|Any CPU
		{FD115789-89A9-4B4E-9B42-F3C28E04B47E}.Release|Any CPU.ActiveCfg = Release|Any CPU
		{FD115789-89A9-4B4E-9B42-F3C28E04B47E}.Release|Any CPU.Build.0 = Release|Any CPU
	EndGlobalSection
EndGlobal
